
Microsoft Visual Studio Solution File, Format Version 12.00
# Visual Studio 15
VisualStudioVersion = 15.0.28010.2036
MinimumVisualStudioVersion = 10.0.40219.1
Project("{262852C6-CD72-467D-83FE-5EEB1973A190}") = "MauProfsouz", "MauProfsouz.jsproj", "{75C48489-966C-4ADB-93BE-3F489CDBF00F}"
EndProject
Global
	GlobalSection(SolutionConfigurationPlatforms) = preSolution
		Debug|Android = Debug|Android
		Debug|iOS = Debug|iOS
		Debug|Windows-ARM = Debug|Windows-ARM
		Debug|Windows-x64 = Debug|Windows-x64
		Debug|Windows-x86 = Debug|Windows-x86
		Release|Android = Release|Android
		Release|iOS = Release|iOS
		Release|Windows-ARM = Release|Windows-ARM
		Release|Windows-x64 = Release|Windows-x64
		Release|Windows-x86 = Release|Windows-x86
	EndGlobalSection
	GlobalSection(ProjectConfigurationPlatforms) = postSolution
		{75C48489-966C-4ADB-93BE-3F489CDBF00F}.Debug|Android.ActiveCfg = Debug|Android
		{75C48489-966C-4ADB-93BE-3F489CDBF00F}.Debug|Android.Build.0 = Debug|Android
		{75C48489-966C-4ADB-93BE-3F489CDBF00F}.Debug|Android.Deploy.0 = Debug|Android
		{75C48489-966C-4ADB-93BE-3F489CDBF00F}.Debug|iOS.ActiveCfg = Release|iOS
		{75C48489-966C-4ADB-93BE-3F489CDBF00F}.Debug|iOS.Build.0 = Release|iOS
		{75C48489-966C-4ADB-93BE-3F489CDBF00F}.Debug|iOS.Deploy.0 = Release|iOS
		{75C48489-966C-4ADB-93BE-3F489CDBF00F}.Debug|Windows-ARM.ActiveCfg = Debug|Windows-ARM
		{75C48489-966C-4ADB-93BE-3F489CDBF00F}.Debug|Windows-ARM.Build.0 = Debug|Windows-ARM
		{75C48489-966C-4ADB-93BE-3F489CDBF00F}.Debug|Windows-ARM.Deploy.0 = Debug|Windows-ARM
		{75C48489-966C-4ADB-93BE-3F489CDBF00F}.Debug|Windows-x64.ActiveCfg = Debug|Windows-x64
		{75C48489-966C-4ADB-93BE-3F489CDBF00F}.Debug|Windows-x64.Build.0 = Debug|Windows-x64
		{75C48489-966C-4ADB-93BE-3F489CDBF00F}.Debug|Windows-x64.Deploy.0 = Debug|Windows-x64
		{75C48489-966C-4ADB-93BE-3F489CDBF00F}.Debug|Windows-x86.ActiveCfg = Debug|Windows-x86
		{75C48489-966C-4ADB-93BE-3F489CDBF00F}.Debug|Windows-x86.Build.0 = Debug|Windows-x86
		{75C48489-966C-4ADB-93BE-3F489CDBF00F}.Debug|Windows-x86.Deploy.0 = Debug|Windows-x86
		{75C48489-966C-4ADB-93BE-3F489CDBF00F}.Release|Android.ActiveCfg = Release|Android
		{75C48489-966C-4ADB-93BE-3F489CDBF00F}.Release|Android.Build.0 = Release|Android
		{75C48489-966C-4ADB-93BE-3F489CDBF00F}.Release|Android.Deploy.0 = Release|Android
		{75C48489-966C-4ADB-93BE-3F489CDBF00F}.Release|iOS.ActiveCfg = Release|iOS
		{75C48489-966C-4ADB-93BE-3F489CDBF00F}.Release|iOS.Build.0 = Release|iOS
		{75C48489-966C-4ADB-93BE-3F489CDBF00F}.Release|iOS.Deploy.0 = Release|iOS
		{75C48489-966C-4ADB-93BE-3F489CDBF00F}.Release|Windows-ARM.ActiveCfg = Release|Windows-ARM
		{75C48489-966C-4ADB-93BE-3F489CDBF00F}.Release|Windows-ARM.Build.0 = Release|Windows-ARM
		{75C48489-966C-4ADB-93BE-3F489CDBF00F}.Release|Windows-ARM.Deploy.0 = Release|Windows-ARM
		{75C48489-966C-4ADB-93BE-3F489CDBF00F}.Release|Windows-x64.ActiveCfg = Release|Windows-x64
		{75C48489-966C-4ADB-93BE-3F489CDBF00F}.Release|Windows-x64.Build.0 = Release|Windows-x64
		{75C48489-966C-4ADB-93BE-3F489CDBF00F}.Release|Windows-x64.Deploy.0 = Release|Windows-x64
		{75C48489-966C-4ADB-93BE-3F489CDBF00F}.Release|Windows-x86.ActiveCfg = Release|Windows-x86
		{75C48489-966C-4ADB-93BE-3F489CDBF00F}.Release|Windows-x86.Build.0 = Release|Windows-x86
		{75C48489-966C-4ADB-93BE-3F489CDBF00F}.Release|Windows-x86.Deploy.0 = Release|Windows-x86
	EndGlobalSection
	GlobalSection(SolutionProperties) = preSolution
		HideSolutionNode = FALSE
	EndGlobalSection
	GlobalSection(ExtensibilityGlobals) = postSolution
		SolutionGuid = {69B5D700-976A-40D7-860D-90B0A577323B}
	EndGlobalSection
EndGlobal
